// !$*UTF8*$!
{
	archiveVersion = 1;
	classes = {
	};
	objectVersion = 56;
	objects = {

/* Begin PBXBuildFile section */
		A6145F882AB196B70030AA50 /* TaskViewCell.swift in Sources */ = {isa = PBXBuildFile; fileRef = A6145F872AB196B70030AA50 /* TaskViewCell.swift */; };
		A61555042ADB5747009F240E /* CompanionDataModel.swift in Sources */ = {isa = PBXBuildFile; fileRef = A61555032ADB5747009F240E /* CompanionDataModel.swift */; };
		A61555072ADB75BD009F240E /* SettingsViewController.swift in Sources */ = {isa = PBXBuildFile; fileRef = A61555062ADB75BD009F240E /* SettingsViewController.swift */; };
		A61AC67A2AD97F7D00D7D664 /* UIColorExt.swift in Sources */ = {isa = PBXBuildFile; fileRef = A61AC6792AD97F7D00D7D664 /* UIColorExt.swift */; };
		A64E50A12AC35A49003D410E /* LoginView.xib in Resources */ = {isa = PBXBuildFile; fileRef = A64E50A02AC35A49003D410E /* LoginView.xib */; };
		A64E50A32AC360CC003D410E /* LoginView.swift in Sources */ = {isa = PBXBuildFile; fileRef = A64E50A22AC360CC003D410E /* LoginView.swift */; };
		A65D618B2AC1945300E1EB54 /* HomeParentViewController.swift in Sources */ = {isa = PBXBuildFile; fileRef = A65D618A2AC1945300E1EB54 /* HomeParentViewController.swift */; };
		A66C53A82AD87E93006D5943 /* UILabelExt.swift in Sources */ = {isa = PBXBuildFile; fileRef = A66C53A72AD87E93006D5943 /* UILabelExt.swift */; };
		A6898AB32ADFE49400FB4AB1 /* StoreKit.framework in Frameworks */ = {isa = PBXBuildFile; fileRef = A6898AB22ADFE49400FB4AB1 /* StoreKit.framework */; };
		A6898AB72ADFE77000FB4AB1 /* StoreManager.swift in Sources */ = {isa = PBXBuildFile; fileRef = A6898AB62ADFE77000FB4AB1 /* StoreManager.swift */; };
		A692D56E2AA28E8B008EE6DD /* AddTaskViewController.swift in Sources */ = {isa = PBXBuildFile; fileRef = A692D56D2AA28E8B008EE6DD /* AddTaskViewController.swift */; };
		A6A0134F2ADEFFC8008D4D3F /* CompanionButton.swift in Sources */ = {isa = PBXBuildFile; fileRef = A6A0134E2ADEFFC8008D4D3F /* CompanionButton.swift */; };
		A6A073A02ABDFD1F00F3B266 /* AlertView.xib in Resources */ = {isa = PBXBuildFile; fileRef = A6A0739F2ABDFD1F00F3B266 /* AlertView.xib */; };
		A6A073A42ABDFF7A00F3B266 /* AlertView.swift in Sources */ = {isa = PBXBuildFile; fileRef = A6A073A32ABDFF7A00F3B266 /* AlertView.swift */; };
		A6B5A6152AAF8C2B0099409A /* CoreDataService.swift in Sources */ = {isa = PBXBuildFile; fileRef = A6B5A6142AAF8C2B0099409A /* CoreDataService.swift */; };
		A6B98EFA2ABDA44A0035CE8D /* EditTaskViewModel.swift in Sources */ = {isa = PBXBuildFile; fileRef = A6B98EF92ABDA44A0035CE8D /* EditTaskViewModel.swift */; };
		A6BB0FD72ABD51B6002065D2 /* HomeViewModel.swift in Sources */ = {isa = PBXBuildFile; fileRef = A6BB0FD62ABD51B6002065D2 /* HomeViewModel.swift */; };
		A6BB0FD92ABD56B1002065D2 /* AddTaskViewModel.swift in Sources */ = {isa = PBXBuildFile; fileRef = A6BB0FD82ABD56B1002065D2 /* AddTaskViewModel.swift */; };
		A6BB0FDC2ABD5E9F002065D2 /* EditTaskViewController.swift in Sources */ = {isa = PBXBuildFile; fileRef = A6BB0FDB2ABD5E9F002065D2 /* EditTaskViewController.swift */; };
		A6C8BE792A9D46A9008E785D /* DataModel.xcdatamodeld in Sources */ = {isa = PBXBuildFile; fileRef = A6C8BE772A9D46A9008E785D /* DataModel.xcdatamodeld */; };
		A6CB06152A9D3453007A65F0 /* AppDelegate.swift in Sources */ = {isa = PBXBuildFile; fileRef = A6CB06142A9D3453007A65F0 /* AppDelegate.swift */; };
		A6CB06172A9D3453007A65F0 /* SceneDelegate.swift in Sources */ = {isa = PBXBuildFile; fileRef = A6CB06162A9D3453007A65F0 /* SceneDelegate.swift */; };
		A6CB061C2A9D3453007A65F0 /* Main.storyboard in Resources */ = {isa = PBXBuildFile; fileRef = A6CB061A2A9D3453007A65F0 /* Main.storyboard */; };
		A6CB061E2A9D3454007A65F0 /* Assets.xcassets in Resources */ = {isa = PBXBuildFile; fileRef = A6CB061D2A9D3454007A65F0 /* Assets.xcassets */; };
		A6CB06212A9D3454007A65F0 /* LaunchScreen.storyboard in Resources */ = {isa = PBXBuildFile; fileRef = A6CB061F2A9D3454007A65F0 /* LaunchScreen.storyboard */; };
		A6D5B4D62AC6D12A007741F1 /* DateExt.swift in Sources */ = {isa = PBXBuildFile; fileRef = A6D5B4D52AC6D129007741F1 /* DateExt.swift */; };
		A6DF8F552AB2DC360016B701 /* UIViewControllerExt.swift in Sources */ = {isa = PBXBuildFile; fileRef = A6DF8F542AB2DC360016B701 /* UIViewControllerExt.swift */; };
		A6DF8F5E2AB2E0910016B701 /* IQKeyboardManagerSwift in Frameworks */ = {isa = PBXBuildFile; productRef = A6DF8F5D2AB2E0910016B701 /* IQKeyboardManagerSwift */; };
		A6E3356D2A9FB8D2001A0D10 /* HomeTableViewController.swift in Sources */ = {isa = PBXBuildFile; fileRef = A6E3356C2A9FB8D2001A0D10 /* HomeTableViewController.swift */; };
		A6F11AFD2AB207790016EB08 /* TaskModel.swift in Sources */ = {isa = PBXBuildFile; fileRef = A6F11AFC2AB207790016EB08 /* TaskModel.swift */; };
/* End PBXBuildFile section */

/* Begin PBXFileReference section */
		A6145F872AB196B70030AA50 /* TaskViewCell.swift */ = {isa = PBXFileReference; lastKnownFileType = sourcecode.swift; path = TaskViewCell.swift; sourceTree = "<group>"; };
		A61555032ADB5747009F240E /* CompanionDataModel.swift */ = {isa = PBXFileReference; lastKnownFileType = sourcecode.swift; path = CompanionDataModel.swift; sourceTree = "<group>"; };
		A61555062ADB75BD009F240E /* SettingsViewController.swift */ = {isa = PBXFileReference; lastKnownFileType = sourcecode.swift; path = SettingsViewController.swift; sourceTree = "<group>"; };
		A61AC6792AD97F7D00D7D664 /* UIColorExt.swift */ = {isa = PBXFileReference; lastKnownFileType = sourcecode.swift; path = UIColorExt.swift; sourceTree = "<group>"; };
		A64E50A02AC35A49003D410E /* LoginView.xib */ = {isa = PBXFileReference; lastKnownFileType = file.xib; path = LoginView.xib; sourceTree = "<group>"; };
		A64E50A22AC360CC003D410E /* LoginView.swift */ = {isa = PBXFileReference; lastKnownFileType = sourcecode.swift; path = LoginView.swift; sourceTree = "<group>"; };
		A65D618A2AC1945300E1EB54 /* HomeParentViewController.swift */ = {isa = PBXFileReference; lastKnownFileType = sourcecode.swift; path = HomeParentViewController.swift; sourceTree = "<group>"; };
		A66C53A72AD87E93006D5943 /* UILabelExt.swift */ = {isa = PBXFileReference; lastKnownFileType = sourcecode.swift; path = UILabelExt.swift; sourceTree = "<group>"; };
		A6898AB22ADFE49400FB4AB1 /* StoreKit.framework */ = {isa = PBXFileReference; lastKnownFileType = wrapper.framework; name = StoreKit.framework; path = System/Library/Frameworks/StoreKit.framework; sourceTree = SDKROOT; };
		A6898AB52ADFE50600FB4AB1 /* StoreConfig.storekit */ = {isa = PBXFileReference; lastKnownFileType = text; path = StoreConfig.storekit; sourceTree = "<group>"; };
		A6898AB62ADFE77000FB4AB1 /* StoreManager.swift */ = {isa = PBXFileReference; lastKnownFileType = sourcecode.swift; path = StoreManager.swift; sourceTree = "<group>"; };
		A692D56D2AA28E8B008EE6DD /* AddTaskViewController.swift */ = {isa = PBXFileReference; lastKnownFileType = sourcecode.swift; path = AddTaskViewController.swift; sourceTree = "<group>"; };
		A6A0134E2ADEFFC8008D4D3F /* CompanionButton.swift */ = {isa = PBXFileReference; lastKnownFileType = sourcecode.swift; path = CompanionButton.swift; sourceTree = "<group>"; };
		A6A0739F2ABDFD1F00F3B266 /* AlertView.xib */ = {isa = PBXFileReference; lastKnownFileType = file.xib; path = AlertView.xib; sourceTree = "<group>"; };
		A6A073A32ABDFF7A00F3B266 /* AlertView.swift */ = {isa = PBXFileReference; lastKnownFileType = sourcecode.swift; path = AlertView.swift; sourceTree = "<group>"; };
		A6B5A6142AAF8C2B0099409A /* CoreDataService.swift */ = {isa = PBXFileReference; lastKnownFileType = sourcecode.swift; path = CoreDataService.swift; sourceTree = "<group>"; };
		A6B98EF92ABDA44A0035CE8D /* EditTaskViewModel.swift */ = {isa = PBXFileReference; lastKnownFileType = sourcecode.swift; path = EditTaskViewModel.swift; sourceTree = "<group>"; };
		A6BB0FD62ABD51B6002065D2 /* HomeViewModel.swift */ = {isa = PBXFileReference; lastKnownFileType = sourcecode.swift; path = HomeViewModel.swift; sourceTree = "<group>"; };
		A6BB0FD82ABD56B1002065D2 /* AddTaskViewModel.swift */ = {isa = PBXFileReference; lastKnownFileType = sourcecode.swift; path = AddTaskViewModel.swift; sourceTree = "<group>"; };
		A6BB0FDB2ABD5E9F002065D2 /* EditTaskViewController.swift */ = {isa = PBXFileReference; lastKnownFileType = sourcecode.swift; path = EditTaskViewController.swift; sourceTree = "<group>"; };
		A6C8BE782A9D46A9008E785D /* DataModel.xcdatamodel */ = {isa = PBXFileReference; lastKnownFileType = wrapper.xcdatamodel; path = DataModel.xcdatamodel; sourceTree = "<group>"; };
		A6CB06112A9D3453007A65F0 /* Eris.app */ = {isa = PBXFileReference; explicitFileType = wrapper.application; includeInIndex = 0; path = Eris.app; sourceTree = BUILT_PRODUCTS_DIR; };
		A6CB06142A9D3453007A65F0 /* AppDelegate.swift */ = {isa = PBXFileReference; lastKnownFileType = sourcecode.swift; path = AppDelegate.swift; sourceTree = "<group>"; };
		A6CB06162A9D3453007A65F0 /* SceneDelegate.swift */ = {isa = PBXFileReference; lastKnownFileType = sourcecode.swift; path = SceneDelegate.swift; sourceTree = "<group>"; };
		A6CB061B2A9D3453007A65F0 /* Base */ = {isa = PBXFileReference; lastKnownFileType = file.storyboard; name = Base; path = Base.lproj/Main.storyboard; sourceTree = "<group>"; };
		A6CB061D2A9D3454007A65F0 /* Assets.xcassets */ = {isa = PBXFileReference; lastKnownFileType = folder.assetcatalog; path = Assets.xcassets; sourceTree = "<group>"; };
		A6CB06202A9D3454007A65F0 /* Base */ = {isa = PBXFileReference; lastKnownFileType = file.storyboard; name = Base; path = Base.lproj/LaunchScreen.storyboard; sourceTree = "<group>"; };
		A6CB06222A9D3454007A65F0 /* Info.plist */ = {isa = PBXFileReference; lastKnownFileType = text.plist.xml; path = Info.plist; sourceTree = "<group>"; };
		A6D5B4D52AC6D129007741F1 /* DateExt.swift */ = {isa = PBXFileReference; lastKnownFileType = sourcecode.swift; path = DateExt.swift; sourceTree = "<group>"; };
		A6DF8F542AB2DC360016B701 /* UIViewControllerExt.swift */ = {isa = PBXFileReference; lastKnownFileType = sourcecode.swift; path = UIViewControllerExt.swift; sourceTree = "<group>"; };
		A6E3356C2A9FB8D2001A0D10 /* HomeTableViewController.swift */ = {isa = PBXFileReference; lastKnownFileType = sourcecode.swift; path = HomeTableViewController.swift; sourceTree = "<group>"; };
		A6F11AFC2AB207790016EB08 /* TaskModel.swift */ = {isa = PBXFileReference; lastKnownFileType = sourcecode.swift; path = TaskModel.swift; sourceTree = "<group>"; };
/* End PBXFileReference section */

/* Begin PBXFrameworksBuildPhase section */
		A6CB060E2A9D3453007A65F0 /* Frameworks */ = {
			isa = PBXFrameworksBuildPhase;
			buildActionMask = 2147483647;
			files = (
				A6DF8F5E2AB2E0910016B701 /* IQKeyboardManagerSwift in Frameworks */,
				A6898AB32ADFE49400FB4AB1 /* StoreKit.framework in Frameworks */,
			);
			runOnlyForDeploymentPostprocessing = 0;
		};
/* End PBXFrameworksBuildPhase section */

/* Begin PBXGroup section */
		A61555052ADB75A5009F240E /* Settings */ = {
			isa = PBXGroup;
			children = (
				A61555062ADB75BD009F240E /* SettingsViewController.swift */,
			);
			path = Settings;
			sourceTree = "<group>";
		};
		A64E509F2AC35A29003D410E /* Login */ = {
			isa = PBXGroup;
			children = (
				A64E50A02AC35A49003D410E /* LoginView.xib */,
				A64E50A22AC360CC003D410E /* LoginView.swift */,
			);
			path = Login;
			sourceTree = "<group>";
		};
		A65D61892AC1942200E1EB54 /* HomeViewPlain */ = {
			isa = PBXGroup;
			children = (
				A65D618A2AC1945300E1EB54 /* HomeParentViewController.swift */,
			);
			path = HomeViewPlain;
			sourceTree = "<group>";
		};
		A6898AB12ADFE49400FB4AB1 /* Frameworks */ = {
			isa = PBXGroup;
			children = (
				A6898AB22ADFE49400FB4AB1 /* StoreKit.framework */,
			);
			name = Frameworks;
			sourceTree = "<group>";
		};
		A6898AB42ADFE4BE00FB4AB1 /* Store */ = {
			isa = PBXGroup;
			children = (
				A6898AB52ADFE50600FB4AB1 /* StoreConfig.storekit */,
				A6898AB62ADFE77000FB4AB1 /* StoreManager.swift */,
			);
			path = Store;
			sourceTree = "<group>";
		};
		A692D56F2AA28E90008EE6DD /* AddTask */ = {
			isa = PBXGroup;
			children = (
				A692D56D2AA28E8B008EE6DD /* AddTaskViewController.swift */,
				A6BB0FD82ABD56B1002065D2 /* AddTaskViewModel.swift */,
			);
			path = AddTask;
			sourceTree = "<group>";
		};
		A6A073A12ABDFEFE00F3B266 /* CustomXIB */ = {
			isa = PBXGroup;
			children = (
				A64E509F2AC35A29003D410E /* Login */,
				A6A073A22ABDFF0700F3B266 /* Alert */,
			);
			path = CustomXIB;
			sourceTree = "<group>";
		};
		A6A073A22ABDFF0700F3B266 /* Alert */ = {
			isa = PBXGroup;
			children = (
				A6A0739F2ABDFD1F00F3B266 /* AlertView.xib */,
				A6A073A32ABDFF7A00F3B266 /* AlertView.swift */,
			);
			path = Alert;
			sourceTree = "<group>";
		};
		A6B5A6132AAF8C1B0099409A /* Services */ = {
			isa = PBXGroup;
			children = (
				A6B5A6142AAF8C2B0099409A /* CoreDataService.swift */,
			);
			path = Services;
			sourceTree = "<group>";
		};
		A6BB0FD52ABD517D002065D2 /* Screens */ = {
			isa = PBXGroup;
			children = (
				A61555052ADB75A5009F240E /* Settings */,
				A65D61892AC1942200E1EB54 /* HomeViewPlain */,
				A6BB0FDA2ABD5E83002065D2 /* EditTask */,
				A692D56F2AA28E90008EE6DD /* AddTask */,
				A6C8BE752A9D3D62008E785D /* HomeView */,
			);
			path = Screens;
			sourceTree = "<group>";
		};
		A6BB0FDA2ABD5E83002065D2 /* EditTask */ = {
			isa = PBXGroup;
			children = (
				A6BB0FDB2ABD5E9F002065D2 /* EditTaskViewController.swift */,
				A6B98EF92ABDA44A0035CE8D /* EditTaskViewModel.swift */,
			);
			path = EditTask;
			sourceTree = "<group>";
		};
		A6C8BE752A9D3D62008E785D /* HomeView */ = {
			isa = PBXGroup;
			children = (
				A6E3356C2A9FB8D2001A0D10 /* HomeTableViewController.swift */,
				A6145F872AB196B70030AA50 /* TaskViewCell.swift */,
				A6BB0FD62ABD51B6002065D2 /* HomeViewModel.swift */,
			);
			path = HomeView;
			sourceTree = "<group>";
		};
		A6C8BE762A9D3E21008E785D /* DataModel */ = {
			isa = PBXGroup;
			children = (
				A6C8BE772A9D46A9008E785D /* DataModel.xcdatamodeld */,
				A6F11AFC2AB207790016EB08 /* TaskModel.swift */,
				A61555032ADB5747009F240E /* CompanionDataModel.swift */,
			);
			path = DataModel;
			sourceTree = "<group>";
		};
		A6CB06082A9D3453007A65F0 = {
			isa = PBXGroup;
			children = (
				A6CB06132A9D3453007A65F0 /* Eris */,
				A6CB06122A9D3453007A65F0 /* Products */,
				A6898AB12ADFE49400FB4AB1 /* Frameworks */,
			);
			sourceTree = "<group>";
		};
		A6CB06122A9D3453007A65F0 /* Products */ = {
			isa = PBXGroup;
			children = (
				A6CB06112A9D3453007A65F0 /* Eris.app */,
			);
			name = Products;
			sourceTree = "<group>";
		};
		A6CB06132A9D3453007A65F0 /* Eris */ = {
			isa = PBXGroup;
			children = (
				A6898AB42ADFE4BE00FB4AB1 /* Store */,
				A6A073A12ABDFEFE00F3B266 /* CustomXIB */,
				A6BB0FD52ABD517D002065D2 /* Screens */,
				A6DF8F532AB2DC1F0016B701 /* Extensions */,
				A6B5A6132AAF8C1B0099409A /* Services */,
				A6C8BE762A9D3E21008E785D /* DataModel */,
				A6CB06142A9D3453007A65F0 /* AppDelegate.swift */,
				A6CB06162A9D3453007A65F0 /* SceneDelegate.swift */,
				A6CB061A2A9D3453007A65F0 /* Main.storyboard */,
				A6CB061D2A9D3454007A65F0 /* Assets.xcassets */,
				A6CB061F2A9D3454007A65F0 /* LaunchScreen.storyboard */,
				A6CB06222A9D3454007A65F0 /* Info.plist */,
			);
			path = Eris;
			sourceTree = "<group>";
		};
		A6DF8F532AB2DC1F0016B701 /* Extensions */ = {
			isa = PBXGroup;
			children = (
				A6DF8F542AB2DC360016B701 /* UIViewControllerExt.swift */,
				A6D5B4D52AC6D129007741F1 /* DateExt.swift */,
				A66C53A72AD87E93006D5943 /* UILabelExt.swift */,
				A61AC6792AD97F7D00D7D664 /* UIColorExt.swift */,
				A6A0134E2ADEFFC8008D4D3F /* CompanionButton.swift */,
			);
			path = Extensions;
			sourceTree = "<group>";
		};
/* End PBXGroup section */

/* Begin PBXNativeTarget section */
		A6CB06102A9D3453007A65F0 /* Eris */ = {
			isa = PBXNativeTarget;
			buildConfigurationList = A6CB06252A9D3454007A65F0 /* Build configuration list for PBXNativeTarget "Eris" */;
			buildPhases = (
				A6CB060D2A9D3453007A65F0 /* Sources */,
				A6CB060E2A9D3453007A65F0 /* Frameworks */,
				A6CB060F2A9D3453007A65F0 /* Resources */,
			);
			buildRules = (
			);
			dependencies = (
			);
			name = Eris;
			packageProductDependencies = (
				A6DF8F5D2AB2E0910016B701 /* IQKeyboardManagerSwift */,
			);
			productName = Eris;
			productReference = A6CB06112A9D3453007A65F0 /* Eris.app */;
			productType = "com.apple.product-type.application";
		};
/* End PBXNativeTarget section */

/* Begin PBXProject section */
		A6CB06092A9D3453007A65F0 /* Project object */ = {
			isa = PBXProject;
			attributes = {
				BuildIndependentTargetsInParallel = 1;
				LastSwiftUpdateCheck = 1430;
				LastUpgradeCheck = 1430;
				TargetAttributes = {
					A6CB06102A9D3453007A65F0 = {
						CreatedOnToolsVersion = 14.3.1;
					};
				};
			};
			buildConfigurationList = A6CB060C2A9D3453007A65F0 /* Build configuration list for PBXProject "Eris" */;
			compatibilityVersion = "Xcode 14.0";
			developmentRegion = en;
			hasScannedForEncodings = 0;
			knownRegions = (
				en,
				Base,
			);
			mainGroup = A6CB06082A9D3453007A65F0;
			packageReferences = (
				A6DF8F5C2AB2E0900016B701 /* XCRemoteSwiftPackageReference "IQKeyboardManager" */,
			);
			productRefGroup = A6CB06122A9D3453007A65F0 /* Products */;
			projectDirPath = "";
			projectRoot = "";
			targets = (
				A6CB06102A9D3453007A65F0 /* Eris */,
			);
		};
/* End PBXProject section */

/* Begin PBXResourcesBuildPhase section */
		A6CB060F2A9D3453007A65F0 /* Resources */ = {
			isa = PBXResourcesBuildPhase;
			buildActionMask = 2147483647;
			files = (
				A6CB06212A9D3454007A65F0 /* LaunchScreen.storyboard in Resources */,
				A6A073A02ABDFD1F00F3B266 /* AlertView.xib in Resources */,
				A6CB061E2A9D3454007A65F0 /* Assets.xcassets in Resources */,
				A64E50A12AC35A49003D410E /* LoginView.xib in Resources */,
				A6CB061C2A9D3453007A65F0 /* Main.storyboard in Resources */,
			);
			runOnlyForDeploymentPostprocessing = 0;
		};
/* End PBXResourcesBuildPhase section */

/* Begin PBXSourcesBuildPhase section */
		A6CB060D2A9D3453007A65F0 /* Sources */ = {
			isa = PBXSourcesBuildPhase;
			buildActionMask = 2147483647;
			files = (
				A6C8BE792A9D46A9008E785D /* DataModel.xcdatamodeld in Sources */,
				A6898AB72ADFE77000FB4AB1 /* StoreManager.swift in Sources */,
				A6145F882AB196B70030AA50 /* TaskViewCell.swift in Sources */,
				A61555072ADB75BD009F240E /* SettingsViewController.swift in Sources */,
				A6DF8F552AB2DC360016B701 /* UIViewControllerExt.swift in Sources */,
				A6BB0FD72ABD51B6002065D2 /* HomeViewModel.swift in Sources */,
				A6CB06152A9D3453007A65F0 /* AppDelegate.swift in Sources */,
				A6A0134F2ADEFFC8008D4D3F /* CompanionButton.swift in Sources */,
				A6B98EFA2ABDA44A0035CE8D /* EditTaskViewModel.swift in Sources */,
				A6B5A6152AAF8C2B0099409A /* CoreDataService.swift in Sources */,
				A61AC67A2AD97F7D00D7D664 /* UIColorExt.swift in Sources */,
				A6CB06172A9D3453007A65F0 /* SceneDelegate.swift in Sources */,
				A6BB0FDC2ABD5E9F002065D2 /* EditTaskViewController.swift in Sources */,
				A6A073A42ABDFF7A00F3B266 /* AlertView.swift in Sources */,
				A6D5B4D62AC6D12A007741F1 /* DateExt.swift in Sources */,
				A6BB0FD92ABD56B1002065D2 /* AddTaskViewModel.swift in Sources */,
				A6E3356D2A9FB8D2001A0D10 /* HomeTableViewController.swift in Sources */,
				A65D618B2AC1945300E1EB54 /* HomeParentViewController.swift in Sources */,
				A6F11AFD2AB207790016EB08 /* TaskModel.swift in Sources */,
				A64E50A32AC360CC003D410E /* LoginView.swift in Sources */,
				A66C53A82AD87E93006D5943 /* UILabelExt.swift in Sources */,
				A61555042ADB5747009F240E /* CompanionDataModel.swift in Sources */,
				A692D56E2AA28E8B008EE6DD /* AddTaskViewController.swift in Sources */,
			);
			runOnlyForDeploymentPostprocessing = 0;
		};
/* End PBXSourcesBuildPhase section */

/* Begin PBXVariantGroup section */
		A6CB061A2A9D3453007A65F0 /* Main.storyboard */ = {
			isa = PBXVariantGroup;
			children = (
				A6CB061B2A9D3453007A65F0 /* Base */,
			);
			name = Main.storyboard;
			sourceTree = "<group>";
		};
		A6CB061F2A9D3454007A65F0 /* LaunchScreen.storyboard */ = {
			isa = PBXVariantGroup;
			children = (
				A6CB06202A9D3454007A65F0 /* Base */,
			);
			name = LaunchScreen.storyboard;
			sourceTree = "<group>";
		};
/* End PBXVariantGroup section */

/* Begin XCBuildConfiguration section */
		A6CB06232A9D3454007A65F0 /* Debug */ = {
			isa = XCBuildConfiguration;
			buildSettings = {
				ALWAYS_SEARCH_USER_PATHS = NO;
				CLANG_ANALYZER_NONNULL = YES;
				CLANG_ANALYZER_NUMBER_OBJECT_CONVERSION = YES_AGGRESSIVE;
				CLANG_CXX_LANGUAGE_STANDARD = "gnu++20";
				CLANG_ENABLE_MODULES = YES;
				CLANG_ENABLE_OBJC_ARC = YES;
				CLANG_ENABLE_OBJC_WEAK = YES;
				CLANG_WARN_BLOCK_CAPTURE_AUTORELEASING = YES;
				CLANG_WARN_BOOL_CONVERSION = YES;
				CLANG_WARN_COMMA = YES;
				CLANG_WARN_CONSTANT_CONVERSION = YES;
				CLANG_WARN_DEPRECATED_OBJC_IMPLEMENTATIONS = YES;
				CLANG_WARN_DIRECT_OBJC_ISA_USAGE = YES_ERROR;
				CLANG_WARN_DOCUMENTATION_COMMENTS = YES;
				CLANG_WARN_EMPTY_BODY = YES;
				CLANG_WARN_ENUM_CONVERSION = YES;
				CLANG_WARN_INFINITE_RECURSION = YES;
				CLANG_WARN_INT_CONVERSION = YES;
				CLANG_WARN_NON_LITERAL_NULL_CONVERSION = YES;
				CLANG_WARN_OBJC_IMPLICIT_RETAIN_SELF = YES;
				CLANG_WARN_OBJC_LITERAL_CONVERSION = YES;
				CLANG_WARN_OBJC_ROOT_CLASS = YES_ERROR;
				CLANG_WARN_QUOTED_INCLUDE_IN_FRAMEWORK_HEADER = YES;
				CLANG_WARN_RANGE_LOOP_ANALYSIS = YES;
				CLANG_WARN_STRICT_PROTOTYPES = YES;
				CLANG_WARN_SUSPICIOUS_MOVE = YES;
				CLANG_WARN_UNGUARDED_AVAILABILITY = YES_AGGRESSIVE;
				CLANG_WARN_UNREACHABLE_CODE = YES;
				CLANG_WARN__DUPLICATE_METHOD_MATCH = YES;
				COPY_PHASE_STRIP = NO;
				DEBUG_INFORMATION_FORMAT = dwarf;
				ENABLE_STRICT_OBJC_MSGSEND = YES;
				ENABLE_TESTABILITY = YES;
				GCC_C_LANGUAGE_STANDARD = gnu11;
				GCC_DYNAMIC_NO_PIC = NO;
				GCC_NO_COMMON_BLOCKS = YES;
				GCC_OPTIMIZATION_LEVEL = 0;
				GCC_PREPROCESSOR_DEFINITIONS = (
					"DEBUG=1",
					"$(inherited)",
				);
				GCC_WARN_64_TO_32_BIT_CONVERSION = YES;
				GCC_WARN_ABOUT_RETURN_TYPE = YES_ERROR;
				GCC_WARN_UNDECLARED_SELECTOR = YES;
				GCC_WARN_UNINITIALIZED_AUTOS = YES_AGGRESSIVE;
				GCC_WARN_UNUSED_FUNCTION = YES;
				GCC_WARN_UNUSED_VARIABLE = YES;
				IPHONEOS_DEPLOYMENT_TARGET = 16.4;
				MTL_ENABLE_DEBUG_INFO = INCLUDE_SOURCE;
				MTL_FAST_MATH = YES;
				ONLY_ACTIVE_ARCH = YES;
				SDKROOT = iphoneos;
				SWIFT_ACTIVE_COMPILATION_CONDITIONS = DEBUG;
				SWIFT_OPTIMIZATION_LEVEL = "-Onone";
			};
			name = Debug;
		};
		A6CB06242A9D3454007A65F0 /* Release */ = {
			isa = XCBuildConfiguration;
			buildSettings = {
				ALWAYS_SEARCH_USER_PATHS = NO;
				CLANG_ANALYZER_NONNULL = YES;
				CLANG_ANALYZER_NUMBER_OBJECT_CONVERSION = YES_AGGRESSIVE;
				CLANG_CXX_LANGUAGE_STANDARD = "gnu++20";
				CLANG_ENABLE_MODULES = YES;
				CLANG_ENABLE_OBJC_ARC = YES;
				CLANG_ENABLE_OBJC_WEAK = YES;
				CLANG_WARN_BLOCK_CAPTURE_AUTORELEASING = YES;
				CLANG_WARN_BOOL_CONVERSION = YES;
				CLANG_WARN_COMMA = YES;
				CLANG_WARN_CONSTANT_CONVERSION = YES;
				CLANG_WARN_DEPRECATED_OBJC_IMPLEMENTATIONS = YES;
				CLANG_WARN_DIRECT_OBJC_ISA_USAGE = YES_ERROR;
				CLANG_WARN_DOCUMENTATION_COMMENTS = YES;
				CLANG_WARN_EMPTY_BODY = YES;
				CLANG_WARN_ENUM_CONVERSION = YES;
				CLANG_WARN_INFINITE_RECURSION = YES;
				CLANG_WARN_INT_CONVERSION = YES;
				CLANG_WARN_NON_LITERAL_NULL_CONVERSION = YES;
				CLANG_WARN_OBJC_IMPLICIT_RETAIN_SELF = YES;
				CLANG_WARN_OBJC_LITERAL_CONVERSION = YES;
				CLANG_WARN_OBJC_ROOT_CLASS = YES_ERROR;
				CLANG_WARN_QUOTED_INCLUDE_IN_FRAMEWORK_HEADER = YES;
				CLANG_WARN_RANGE_LOOP_ANALYSIS = YES;
				CLANG_WARN_STRICT_PROTOTYPES = YES;
				CLANG_WARN_SUSPICIOUS_MOVE = YES;
				CLANG_WARN_UNGUARDED_AVAILABILITY = YES_AGGRESSIVE;
				CLANG_WARN_UNREACHABLE_CODE = YES;
				CLANG_WARN__DUPLICATE_METHOD_MATCH = YES;
				COPY_PHASE_STRIP = NO;
				DEBUG_INFORMATION_FORMAT = "dwarf-with-dsym";
				ENABLE_NS_ASSERTIONS = NO;
				ENABLE_STRICT_OBJC_MSGSEND = YES;
				GCC_C_LANGUAGE_STANDARD = gnu11;
				GCC_NO_COMMON_BLOCKS = YES;
				GCC_WARN_64_TO_32_BIT_CONVERSION = YES;
				GCC_WARN_ABOUT_RETURN_TYPE = YES_ERROR;
				GCC_WARN_UNDECLARED_SELECTOR = YES;
				GCC_WARN_UNINITIALIZED_AUTOS = YES_AGGRESSIVE;
				GCC_WARN_UNUSED_FUNCTION = YES;
				GCC_WARN_UNUSED_VARIABLE = YES;
				IPHONEOS_DEPLOYMENT_TARGET = 16.4;
				MTL_ENABLE_DEBUG_INFO = NO;
				MTL_FAST_MATH = YES;
				SDKROOT = iphoneos;
				SWIFT_COMPILATION_MODE = wholemodule;
				SWIFT_OPTIMIZATION_LEVEL = "-O";
				VALIDATE_PRODUCT = YES;
			};
			name = Release;
		};
		A6CB06262A9D3454007A65F0 /* Debug */ = {
			isa = XCBuildConfiguration;
			buildSettings = {
				ASSETCATALOG_COMPILER_APPICON_NAME = AppIcon;
				ASSETCATALOG_COMPILER_GLOBAL_ACCENT_COLOR_NAME = AccentColor;
				CODE_SIGN_STYLE = Automatic;
				CURRENT_PROJECT_VERSION = 1;
				DEVELOPMENT_TEAM = "";
				GENERATE_INFOPLIST_FILE = YES;
				INFOPLIST_FILE = Eris/Info.plist;
				INFOPLIST_KEY_UIApplicationSupportsIndirectInputEvents = YES;
				INFOPLIST_KEY_UILaunchStoryboardName = LaunchScreen;
				INFOPLIST_KEY_UIMainStoryboardFile = Main;
				INFOPLIST_KEY_UISupportedInterfaceOrientations = UIInterfaceOrientationPortrait;
				INFOPLIST_KEY_UISupportedInterfaceOrientations_iPad = "UIInterfaceOrientationLandscapeLeft UIInterfaceOrientationLandscapeRight UIInterfaceOrientationPortrait UIInterfaceOrientationPortraitUpsideDown";
				LD_RUNPATH_SEARCH_PATHS = (
					"$(inherited)",
					"@executable_path/Frameworks",
				);
				MARKETING_VERSION = 1.0;
				PRODUCT_BUNDLE_IDENTIFIER = dimchich.Eris;
				PRODUCT_NAME = "$(TARGET_NAME)";
				SWIFT_EMIT_LOC_STRINGS = YES;
				SWIFT_VERSION = 5.0;
				TARGETED_DEVICE_FAMILY = "1,2";
			};
			name = Debug;
		};
		A6CB06272A9D3454007A65F0 /* Release */ = {
			isa = XCBuildConfiguration;
			buildSettings = {
				ASSETCATALOG_COMPILER_APPICON_NAME = AppIcon;
				ASSETCATALOG_COMPILER_GLOBAL_ACCENT_COLOR_NAME = AccentColor;
				CODE_SIGN_STYLE = Automatic;
				CURRENT_PROJECT_VERSION = 1;
				DEVELOPMENT_TEAM = "";
				GENERATE_INFOPLIST_FILE = YES;
				INFOPLIST_FILE = Eris/Info.plist;
				INFOPLIST_KEY_UIApplicationSupportsIndirectInputEvents = YES;
				INFOPLIST_KEY_UILaunchStoryboardName = LaunchScreen;
				INFOPLIST_KEY_UIMainStoryboardFile = Main;
				INFOPLIST_KEY_UISupportedInterfaceOrientations = UIInterfaceOrientationPortrait;
				INFOPLIST_KEY_UISupportedInterfaceOrientations_iPad = "UIInterfaceOrientationLandscapeLeft UIInterfaceOrientationLandscapeRight UIInterfaceOrientationPortrait UIInterfaceOrientationPortraitUpsideDown";
				LD_RUNPATH_SEARCH_PATHS = (
					"$(inherited)",
					"@executable_path/Frameworks",
				);
				MARKETING_VERSION = 1.0;
				PRODUCT_BUNDLE_IDENTIFIER = dimchich.Eris;
				PRODUCT_NAME = "$(TARGET_NAME)";
				SWIFT_EMIT_LOC_STRINGS = YES;
				SWIFT_VERSION = 5.0;
				TARGETED_DEVICE_FAMILY = "1,2";
			};
			name = Release;
		};
/* End XCBuildConfiguration section */

/* Begin XCConfigurationList section */
		A6CB060C2A9D3453007A65F0 /* Build configuration list for PBXProject "Eris" */ = {
			isa = XCConfigurationList;
			buildConfigurations = (
				A6CB06232A9D3454007A65F0 /* Debug */,
				A6CB06242A9D3454007A65F0 /* Release */,
			);
			defaultConfigurationIsVisible = 0;
			defaultConfigurationName = Release;
		};
		A6CB06252A9D3454007A65F0 /* Build configuration list for PBXNativeTarget "Eris" */ = {
			isa = XCConfigurationList;
			buildConfigurations = (
				A6CB06262A9D3454007A65F0 /* Debug */,
				A6CB06272A9D3454007A65F0 /* Release */,
			);
			defaultConfigurationIsVisible = 0;
			defaultConfigurationName = Release;
		};
/* End XCConfigurationList section */

/* Begin XCRemoteSwiftPackageReference section */
		A6DF8F5C2AB2E0900016B701 /* XCRemoteSwiftPackageReference "IQKeyboardManager" */ = {
			isa = XCRemoteSwiftPackageReference;
			repositoryURL = "https://github.com/hackiftekhar/IQKeyboardManager.git";
			requirement = {
				kind = upToNextMajorVersion;
				minimumVersion = 6.0.0;
			};
		};
/* End XCRemoteSwiftPackageReference section */

/* Begin XCSwiftPackageProductDependency section */
		A6DF8F5D2AB2E0910016B701 /* IQKeyboardManagerSwift */ = {
			isa = XCSwiftPackageProductDependency;
			package = A6DF8F5C2AB2E0900016B701 /* XCRemoteSwiftPackageReference "IQKeyboardManager" */;
			productName = IQKeyboardManagerSwift;
		};
/* End XCSwiftPackageProductDependency section */

/* Begin XCVersionGroup section */
		A6C8BE772A9D46A9008E785D /* DataModel.xcdatamodeld */ = {
			isa = XCVersionGroup;
			children = (
				A6C8BE782A9D46A9008E785D /* DataModel.xcdatamodel */,
			);
			currentVersion = A6C8BE782A9D46A9008E785D /* DataModel.xcdatamodel */;
			path = DataModel.xcdatamodeld;
			sourceTree = "<group>";
			versionGroupType = wrapper.xcdatamodel;
		};
/* End XCVersionGroup section */
	};
	rootObject = A6CB06092A9D3453007A65F0 /* Project object */;
}
